<?xml version="1.0" encoding="utf-8"?>
<Project ToolsVersion="4.0" xmlns="http://schemas.microsoft.com/developer/msbuild/2003">
  <ItemGroup>
    <Filter Include="Source Files">
      <UniqueIdentifier>{4FC737F1-C7A5-4376-A066-2A32D752A2FF}</UniqueIdentifier>
      <Extensions>cpp;c;cc;cxx;def;odl;idl;hpj;bat;asm;asmx</Extensions>
    </Filter>
    <Filter Include="Header Files">
      <UniqueIdentifier>{93995380-89BD-4b04-88EB-625FBE52EBFB}</UniqueIdentifier>
      <Extensions>h;hh;hpp;hxx;hm;inl;inc;xsd</Extensions>
    </Filter>
    <Filter Include="Resource Files">
      <UniqueIdentifier>{67DA6AB6-F800-4c08-8B7A-83BB121AAD01}</UniqueIdentifier>
      <Extensions>rc;ico;cur;bmp;dlg;rc2;rct;bin;rgs;gif;jpg;jpeg;jpe;resx;tiff;tif;png;wav;mfcribbon-ms</Extensions>
    </Filter>
    <Filter Include="Resource Files\images">
      <UniqueIdentifier>{37673dd1-b192-432c-9f0e-20bae8ae5e1c}</UniqueIdentifier>
    </Filter>
    <Filter Include="Header Files\GUI">
      <UniqueIdentifier>{417dad2d-896f-4c02-80ff-9eaea098e5e9}</UniqueIdentifier>
    </Filter>
    <Filter Include="Source Files\GUI">
      <UniqueIdentifier>{6565ce71-fc1f-408a-8119-76221f54bdfb}</UniqueIdentifier>
    </Filter>
    <Filter Include="Resource Files\fonts">
      <UniqueIdentifier>{f789b042-7230-4022-8a11-7d78b6f517a7}</UniqueIdentifier>
    </Filter>
    <Filter Include="Header Files\Pickups">
      <UniqueIdentifier>{4d51779b-911a-4240-8488-ce9ecc6d14b7}</UniqueIdentifier>
    </Filter>
    <Filter Include="Source Files\Pickups">
      <UniqueIdentifier>{0f16ff13-b2ce-493e-88b2-73e212672811}</UniqueIdentifier>
    </Filter>
    <Filter Include="Resource Files\images\hats">
      <UniqueIdentifier>{352cdb75-46a0-456e-a138-c06bc72566e3}</UniqueIdentifier>
    </Filter>
    <Filter Include="Resource Files\images\pickups">
      <UniqueIdentifier>{7ec9ff72-38c7-4b15-8891-c4d994b133c6}</UniqueIdentifier>
    </Filter>
  </ItemGroup>
  <ItemGroup>
    <ClInclude Include="Axis.h">
      <Filter>Header Files</Filter>
    </ClInclude>
    <ClInclude Include="Game.h">
      <Filter>Header Files</Filter>
    </ClInclude>
    <ClInclude Include="UJ.h">
      <Filter>Header Files</Filter>
    </ClInclude>
    <ClInclude Include="Player.h">
      <Filter>Header Files</Filter>
    </ClInclude>
    <ClInclude Include="Animation.h">
      <Filter>Header Files</Filter>
    </ClInclude>
    <ClInclude Include="Background.h">
      <Filter>Header Files</Filter>
    </ClInclude>
    <ClInclude Include="GUI\Base.h">
      <Filter>Header Files\GUI</Filter>
    </ClInclude>
    <ClInclude Include="GUI\Button.h">
      <Filter>Header Files\GUI</Filter>
    </ClInclude>
    <ClInclude Include="GUI\Menu.h">
      <Filter>Header Files\GUI</Filter>
    </ClInclude>
    <ClInclude Include="Obsticle.h">
      <Filter>Header Files</Filter>
    </ClInclude>
    <ClInclude Include="ObsticleDropper.h">
      <Filter>Header Files</Filter>
    </ClInclude>
    <ClInclude Include="KeyCommand.h">
      <Filter>Header Files</Filter>
    </ClInclude>
    <ClInclude Include="GUI\Dropdown.h">
      <Filter>Header Files\GUI</Filter>
    </ClInclude>
    <ClInclude Include="HUD.h">
      <Filter>Header Files</Filter>
    </ClInclude>
    <ClInclude Include="pickups\Pickup.h">
      <Filter>Header Files\Pickups</Filter>
    </ClInclude>
    <ClInclude Include="pickups\Health.h">
      <Filter>Header Files\Pickups</Filter>
    </ClInclude>
  </ItemGroup>
  <ItemGroup>
    <ClCompile Include="axis.cpp">
      <Filter>Source Files</Filter>
    </ClCompile>
    <ClCompile Include="game.cpp">
      <Filter>Source Files</Filter>
    </ClCompile>
    <ClCompile Include="main.cpp">
      <Filter>Source Files</Filter>
    </ClCompile>
    <ClCompile Include="uj.cpp">
      <Filter>Source Files</Filter>
    </ClCompile>
    <ClCompile Include="player.cpp">
      <Filter>Source Files</Filter>
    </ClCompile>
    <ClCompile Include="animation.cpp">
      <Filter>Source Files</Filter>
    </ClCompile>
    <ClCompile Include="background.cpp">
      <Filter>Source Files</Filter>
    </ClCompile>
    <ClCompile Include="GUI\base.cpp">
      <Filter>Source Files\GUI</Filter>
    </ClCompile>
    <ClCompile Include="GUI\button.cpp">
      <Filter>Source Files\GUI</Filter>
    </ClCompile>
    <ClCompile Include="GUI\menu.cpp">
      <Filter>Source Files\GUI</Filter>
    </ClCompile>
    <ClCompile Include="obsticle.cpp">
      <Filter>Source Files</Filter>
    </ClCompile>
    <ClCompile Include="obsticleDropper.cpp">
      <Filter>Source Files</Filter>
    </ClCompile>
    <ClCompile Include="keyCommand.cpp">
      <Filter>Source Files</Filter>
    </ClCompile>
    <ClCompile Include="GUI\dropdown.cpp">
      <Filter>Source Files\GUI</Filter>
    </ClCompile>
    <ClCompile Include="hud.cpp">
      <Filter>Source Files</Filter>
    </ClCompile>
    <ClCompile Include="pickups\pickup.cpp">
      <Filter>Source Files\Pickups</Filter>
    </ClCompile>
    <ClCompile Include="pickups\health.cpp">
      <Filter>Source Files\Pickups</Filter>
    </ClCompile>
  </ItemGroup>
  <ItemGroup>
    <Image Include="images\player.png">
      <Filter>Resource Files\images</Filter>
    </Image>
    <Image Include="images\background.png">
      <Filter>Resource Files\images</Filter>
    </Image>
    <Image Include="images\heart.png">
      <Filter>Resource Files\images</Filter>
    </Image>
    <Image Include="images\hats\santa.png">
      <Filter>Resource Files\images\hats</Filter>
    </Image>
  </ItemGroup>
  <ItemGroup>
    <Font Include="fonts\Frail-Sans.otf">
      <Filter>Resource Files\fonts</Filter>
    </Font>
  </ItemGroup>
</Project>